// !$*UTF8*$!
{
	archiveVersion = 1;
	classes = {
	};
	objectVersion = 46;
	objects = {

/* Begin PBXBuildFile section */
		9E4236889FCDA16632A08631 /* libPods.a in Frameworks */ = {isa = PBXBuildFile; fileRef = AA35D4F29181A5A0F3807124 /* libPods.a */; };
		A80A1EAF1AE0F8B400D36F5D /* PMBackend.m in Sources */ = {isa = PBXBuildFile; fileRef = A80A1EAE1AE0F8B400D36F5D /* PMBackend.m */; };
		A81AB2331AF3A4730039FE2D /* PMBeaconDetector.m in Sources */ = {isa = PBXBuildFile; fileRef = A81AB2321AF3A4730039FE2D /* PMBeaconDetector.m */; };
		A81D375B1B16FD070083C272 /* GooglePlus.bundle in Resources */ = {isa = PBXBuildFile; fileRef = A81D375A1B16FD070083C272 /* GooglePlus.bundle */; };
		A81D375F1B16FD140083C272 /* GooglePlus.framework in Frameworks */ = {isa = PBXBuildFile; fileRef = A81D375D1B16FD140083C272 /* GooglePlus.framework */; };
		A83E462E1ADFA0170096F029 /* Podfile in Resources */ = {isa = PBXBuildFile; fileRef = A83E462D1ADFA0170096F029 /* Podfile */; };
		A84944FA1AE51646003BC1C3 /* PMUserLogin.m in Sources */ = {isa = PBXBuildFile; fileRef = A84944F91AE51646003BC1C3 /* PMUserLogin.m */; };
		A858ED901AE12F8900A788D3 /* AddressBook.framework in Frameworks */ = {isa = PBXBuildFile; fileRef = A858ED8F1AE12F8900A788D3 /* AddressBook.framework */; };
		A858ED921AE12F9000A788D3 /* AssetsLibrary.framework in Frameworks */ = {isa = PBXBuildFile; fileRef = A858ED911AE12F9000A788D3 /* AssetsLibrary.framework */; };
		A858ED941AE12F9900A788D3 /* Foundation.framework in Frameworks */ = {isa = PBXBuildFile; fileRef = A858ED931AE12F9900A788D3 /* Foundation.framework */; };
		A858ED961AE12FA800A788D3 /* CoreMotion.framework in Frameworks */ = {isa = PBXBuildFile; fileRef = A858ED951AE12FA800A788D3 /* CoreMotion.framework */; };
		A858ED981AE12FB000A788D3 /* CoreGraphics.framework in Frameworks */ = {isa = PBXBuildFile; fileRef = A858ED971AE12FB000A788D3 /* CoreGraphics.framework */; };
		A858ED9A1AE12FB700A788D3 /* CoreText.framework in Frameworks */ = {isa = PBXBuildFile; fileRef = A858ED991AE12FB700A788D3 /* CoreText.framework */; };
		A858ED9C1AE12FBC00A788D3 /* MediaPlayer.framework in Frameworks */ = {isa = PBXBuildFile; fileRef = A858ED9B1AE12FBC00A788D3 /* MediaPlayer.framework */; };
		A858ED9E1AE12FC100A788D3 /* Security.framework in Frameworks */ = {isa = PBXBuildFile; fileRef = A858ED9D1AE12FC100A788D3 /* Security.framework */; };
		A858EDA01AE12FCE00A788D3 /* UIKit.framework in Frameworks */ = {isa = PBXBuildFile; fileRef = A858ED9F1AE12FCE00A788D3 /* UIKit.framework */; };
		A858EDB01AE1317900A788D3 /* PMLoginViewController.m in Sources */ = {isa = PBXBuildFile; fileRef = A858EDAF1AE1317900A788D3 /* PMLoginViewController.m */; };
		A86D34031ADD49E80074A5FC /* main.m in Sources */ = {isa = PBXBuildFile; fileRef = A86D34021ADD49E80074A5FC /* main.m */; };
		A86D34061ADD49E80074A5FC /* PMAppDelegate.m in Sources */ = {isa = PBXBuildFile; fileRef = A86D34051ADD49E80074A5FC /* PMAppDelegate.m */; };
		A86D34091ADD49E80074A5FC /* PMLocationViewController.m in Sources */ = {isa = PBXBuildFile; fileRef = A86D34081ADD49E80074A5FC /* PMLocationViewController.m */; };
		A86D340E1ADD49E80074A5FC /* Images.xcassets in Resources */ = {isa = PBXBuildFile; fileRef = A86D340D1ADD49E80074A5FC /* Images.xcassets */; };
		A86D341D1ADD49E90074A5FC /* presentiemeterTests.m in Sources */ = {isa = PBXBuildFile; fileRef = A86D341C1ADD49E90074A5FC /* presentiemeterTests.m */; };
		A86D34351ADD58780074A5FC /* SystemConfiguration.framework in Frameworks */ = {isa = PBXBuildFile; fileRef = A86D34331ADD576D0074A5FC /* SystemConfiguration.framework */; };
		A86D34361ADD587F0074A5FC /* CoreLocation.framework in Frameworks */ = {isa = PBXBuildFile; fileRef = A86D342F1ADD575D0074A5FC /* CoreLocation.framework */; };
		A86D34371ADD58840074A5FC /* CoreBluetooth.framework in Frameworks */ = {isa = PBXBuildFile; fileRef = A86D34311ADD57630074A5FC /* CoreBluetooth.framework */; };
		A889437E1AE4F17E00130D64 /* PMTableViewCell.m in Sources */ = {isa = PBXBuildFile; fileRef = A889437D1AE4F17E00130D64 /* PMTableViewCell.m */; };
		A89083081B00D4700036F11F /* PMBeaconActivityViewController.m in Sources */ = {isa = PBXBuildFile; fileRef = A89083071B00D4700036F11F /* PMBeaconActivityViewController.m */; };
		A8D75B1F1AE92E1000B1879F /* PMHelper.m in Sources */ = {isa = PBXBuildFile; fileRef = A8D75B1E1AE92E1000B1879F /* PMHelper.m */; };
		A8DBCA6D1B170A9E004ABC8A /* GoogleOpenSource.framework in Frameworks */ = {isa = PBXBuildFile; fileRef = A81D375C1B16FD140083C272 /* GoogleOpenSource.framework */; };
/* End PBXBuildFile section */

/* Begin PBXContainerItemProxy section */
		A86D34171ADD49E90074A5FC /* PBXContainerItemProxy */ = {
			isa = PBXContainerItemProxy;
			containerPortal = A86D33F51ADD49E80074A5FC /* Project object */;
			proxyType = 1;
			remoteGlobalIDString = A86D33FC1ADD49E80074A5FC;
			remoteInfo = presentiemeter;
		};
/* End PBXContainerItemProxy section */

/* Begin PBXFileReference section */
		104EFFA87FD923A1B4E8BF6B /* Pods.release.xcconfig */ = {isa = PBXFileReference; includeInIndex = 1; lastKnownFileType = text.xcconfig; name = Pods.release.xcconfig; path = "Pods/Target Support Files/Pods/Pods.release.xcconfig"; sourceTree = "<group>"; };
		A80A1EAD1AE0F8B400D36F5D /* PMBackend.h */ = {isa = PBXFileReference; fileEncoding = 4; lastKnownFileType = sourcecode.c.h; name = PMBackend.h; path = API/PMBackend.h; sourceTree = "<group>"; };
		A80A1EAE1AE0F8B400D36F5D /* PMBackend.m */ = {isa = PBXFileReference; fileEncoding = 4; lastKnownFileType = sourcecode.c.objc; name = PMBackend.m; path = API/PMBackend.m; sourceTree = "<group>"; };
		A81AB2311AF3A4730039FE2D /* PMBeaconDetector.h */ = {isa = PBXFileReference; fileEncoding = 4; lastKnownFileType = sourcecode.c.h; name = PMBeaconDetector.h; path = Models/PMBeaconDetector.h; sourceTree = "<group>"; };
		A81AB2321AF3A4730039FE2D /* PMBeaconDetector.m */ = {isa = PBXFileReference; fileEncoding = 4; lastKnownFileType = sourcecode.c.objc; name = PMBeaconDetector.m; path = Models/PMBeaconDetector.m; sourceTree = "<group>"; };
		A81D375A1B16FD070083C272 /* GooglePlus.bundle */ = {isa = PBXFileReference; lastKnownFileType = "wrapper.plug-in"; name = GooglePlus.bundle; path = "presentiemeter/Supporting Files/Frameworks/GooglePlus.bundle"; sourceTree = "<group>"; };
		A81D375C1B16FD140083C272 /* GoogleOpenSource.framework */ = {isa = PBXFileReference; lastKnownFileType = wrapper.framework; name = GoogleOpenSource.framework; path = "presentiemeter/Supporting Files/Frameworks/GoogleOpenSource.framework"; sourceTree = "<group>"; };
		A81D375D1B16FD140083C272 /* GooglePlus.framework */ = {isa = PBXFileReference; lastKnownFileType = wrapper.framework; name = GooglePlus.framework; path = "presentiemeter/Supporting Files/Frameworks/GooglePlus.framework"; sourceTree = "<group>"; };
		A83E462D1ADFA0170096F029 /* Podfile */ = {isa = PBXFileReference; fileEncoding = 4; lastKnownFileType = text; path = Podfile; sourceTree = SOURCE_ROOT; xcLanguageSpecificationIdentifier = xcode.lang.ruby; };
		A84944F81AE51646003BC1C3 /* PMUserLogin.h */ = {isa = PBXFileReference; fileEncoding = 4; lastKnownFileType = sourcecode.c.h; name = PMUserLogin.h; path = API/PMUserLogin.h; sourceTree = "<group>"; };
		A84944F91AE51646003BC1C3 /* PMUserLogin.m */ = {isa = PBXFileReference; fileEncoding = 4; lastKnownFileType = sourcecode.c.objc; name = PMUserLogin.m; path = API/PMUserLogin.m; sourceTree = "<group>"; };
		A858ED8F1AE12F8900A788D3 /* AddressBook.framework */ = {isa = PBXFileReference; lastKnownFileType = wrapper.framework; name = AddressBook.framework; path = System/Library/Frameworks/AddressBook.framework; sourceTree = SDKROOT; };
		A858ED911AE12F9000A788D3 /* AssetsLibrary.framework */ = {isa = PBXFileReference; lastKnownFileType = wrapper.framework; name = AssetsLibrary.framework; path = System/Library/Frameworks/AssetsLibrary.framework; sourceTree = SDKROOT; };
		A858ED931AE12F9900A788D3 /* Foundation.framework */ = {isa = PBXFileReference; lastKnownFileType = wrapper.framework; name = Foundation.framework; path = System/Library/Frameworks/Foundation.framework; sourceTree = SDKROOT; };
		A858ED951AE12FA800A788D3 /* CoreMotion.framework */ = {isa = PBXFileReference; lastKnownFileType = wrapper.framework; name = CoreMotion.framework; path = System/Library/Frameworks/CoreMotion.framework; sourceTree = SDKROOT; };
		A858ED971AE12FB000A788D3 /* CoreGraphics.framework */ = {isa = PBXFileReference; lastKnownFileType = wrapper.framework; name = CoreGraphics.framework; path = System/Library/Frameworks/CoreGraphics.framework; sourceTree = SDKROOT; };
		A858ED991AE12FB700A788D3 /* CoreText.framework */ = {isa = PBXFileReference; lastKnownFileType = wrapper.framework; name = CoreText.framework; path = System/Library/Frameworks/CoreText.framework; sourceTree = SDKROOT; };
		A858ED9B1AE12FBC00A788D3 /* MediaPlayer.framework */ = {isa = PBXFileReference; lastKnownFileType = wrapper.framework; name = MediaPlayer.framework; path = System/Library/Frameworks/MediaPlayer.framework; sourceTree = SDKROOT; };
		A858ED9D1AE12FC100A788D3 /* Security.framework */ = {isa = PBXFileReference; lastKnownFileType = wrapper.framework; name = Security.framework; path = System/Library/Frameworks/Security.framework; sourceTree = SDKROOT; };
		A858ED9F1AE12FCE00A788D3 /* UIKit.framework */ = {isa = PBXFileReference; lastKnownFileType = wrapper.framework; name = UIKit.framework; path = System/Library/Frameworks/UIKit.framework; sourceTree = SDKROOT; };
		A858EDAE1AE1317900A788D3 /* PMLoginViewController.h */ = {isa = PBXFileReference; fileEncoding = 4; lastKnownFileType = sourcecode.c.h; name = PMLoginViewController.h; path = UserInterface/PMLoginViewController.h; sourceTree = "<group>"; };
		A858EDAF1AE1317900A788D3 /* PMLoginViewController.m */ = {isa = PBXFileReference; fileEncoding = 4; lastKnownFileType = sourcecode.c.objc; name = PMLoginViewController.m; path = UserInterface/PMLoginViewController.m; sourceTree = "<group>"; };
		A86D33FD1ADD49E80074A5FC /* presentiemeter.app */ = {isa = PBXFileReference; explicitFileType = wrapper.application; includeInIndex = 0; path = presentiemeter.app; sourceTree = BUILT_PRODUCTS_DIR; };
		A86D34011ADD49E80074A5FC /* Info.plist */ = {isa = PBXFileReference; lastKnownFileType = text.plist.xml; path = Info.plist; sourceTree = "<group>"; };
		A86D34021ADD49E80074A5FC /* main.m */ = {isa = PBXFileReference; lastKnownFileType = sourcecode.c.objc; path = main.m; sourceTree = "<group>"; };
		A86D34041ADD49E80074A5FC /* PMAppDelegate.h */ = {isa = PBXFileReference; lastKnownFileType = sourcecode.c.h; path = PMAppDelegate.h; sourceTree = "<group>"; };
		A86D34051ADD49E80074A5FC /* PMAppDelegate.m */ = {isa = PBXFileReference; lastKnownFileType = sourcecode.c.objc; path = PMAppDelegate.m; sourceTree = "<group>"; };
		A86D34071ADD49E80074A5FC /* PMLocationViewController.h */ = {isa = PBXFileReference; lastKnownFileType = sourcecode.c.h; name = PMLocationViewController.h; path = UserInterface/PMLocationViewController.h; sourceTree = "<group>"; };
		A86D34081ADD49E80074A5FC /* PMLocationViewController.m */ = {isa = PBXFileReference; lastKnownFileType = sourcecode.c.objc; name = PMLocationViewController.m; path = UserInterface/PMLocationViewController.m; sourceTree = "<group>"; };
		A86D340D1ADD49E80074A5FC /* Images.xcassets */ = {isa = PBXFileReference; lastKnownFileType = folder.assetcatalog; path = Images.xcassets; sourceTree = "<group>"; };
		A86D34161ADD49E90074A5FC /* presentiemeterTests.xctest */ = {isa = PBXFileReference; explicitFileType = wrapper.cfbundle; includeInIndex = 0; path = presentiemeterTests.xctest; sourceTree = BUILT_PRODUCTS_DIR; };
		A86D341B1ADD49E90074A5FC /* Info.plist */ = {isa = PBXFileReference; lastKnownFileType = text.plist.xml; path = Info.plist; sourceTree = "<group>"; };
		A86D341C1ADD49E90074A5FC /* presentiemeterTests.m */ = {isa = PBXFileReference; lastKnownFileType = sourcecode.c.objc; path = presentiemeterTests.m; sourceTree = "<group>"; };
		A86D342F1ADD575D0074A5FC /* CoreLocation.framework */ = {isa = PBXFileReference; lastKnownFileType = wrapper.framework; name = CoreLocation.framework; path = System/Library/Frameworks/CoreLocation.framework; sourceTree = SDKROOT; };
		A86D34311ADD57630074A5FC /* CoreBluetooth.framework */ = {isa = PBXFileReference; lastKnownFileType = wrapper.framework; name = CoreBluetooth.framework; path = System/Library/Frameworks/CoreBluetooth.framework; sourceTree = SDKROOT; };
		A86D34331ADD576D0074A5FC /* SystemConfiguration.framework */ = {isa = PBXFileReference; lastKnownFileType = wrapper.framework; name = SystemConfiguration.framework; path = System/Library/Frameworks/SystemConfiguration.framework; sourceTree = SDKROOT; };
		A889437C1AE4F17E00130D64 /* PMTableViewCell.h */ = {isa = PBXFileReference; fileEncoding = 4; lastKnownFileType = sourcecode.c.h; name = PMTableViewCell.h; path = UserInterface/TableView/PMTableViewCell.h; sourceTree = "<group>"; };
		A889437D1AE4F17E00130D64 /* PMTableViewCell.m */ = {isa = PBXFileReference; fileEncoding = 4; lastKnownFileType = sourcecode.c.objc; name = PMTableViewCell.m; path = UserInterface/TableView/PMTableViewCell.m; sourceTree = "<group>"; };
		A89083061B00D4700036F11F /* PMBeaconActivityViewController.h */ = {isa = PBXFileReference; fileEncoding = 4; lastKnownFileType = sourcecode.c.h; name = PMBeaconActivityViewController.h; path = UserInterface/PMBeaconActivityViewController.h; sourceTree = "<group>"; };
		A89083071B00D4700036F11F /* PMBeaconActivityViewController.m */ = {isa = PBXFileReference; fileEncoding = 4; lastKnownFileType = sourcecode.c.objc; name = PMBeaconActivityViewController.m; path = UserInterface/PMBeaconActivityViewController.m; sourceTree = "<group>"; };
		A8D75B1D1AE92E1000B1879F /* PMHelper.h */ = {isa = PBXFileReference; fileEncoding = 4; lastKnownFileType = sourcecode.c.h; name = PMHelper.h; path = Models/PMHelper.h; sourceTree = "<group>"; };
		A8D75B1E1AE92E1000B1879F /* PMHelper.m */ = {isa = PBXFileReference; fileEncoding = 4; lastKnownFileType = sourcecode.c.objc; name = PMHelper.m; path = Models/PMHelper.m; sourceTree = "<group>"; };
		AA35D4F29181A5A0F3807124 /* libPods.a */ = {isa = PBXFileReference; explicitFileType = archive.ar; includeInIndex = 0; path = libPods.a; sourceTree = BUILT_PRODUCTS_DIR; };
		C915DD42CF6AC237E4CBBD72 /* Pods.debug.xcconfig */ = {isa = PBXFileReference; includeInIndex = 1; lastKnownFileType = text.xcconfig; name = Pods.debug.xcconfig; path = "Pods/Target Support Files/Pods/Pods.debug.xcconfig"; sourceTree = "<group>"; };
/* End PBXFileReference section */

/* Begin PBXFrameworksBuildPhase section */
		A86D33FA1ADD49E80074A5FC /* Frameworks */ = {
			isa = PBXFrameworksBuildPhase;
			buildActionMask = 2147483647;
			files = (
				A8DBCA6D1B170A9E004ABC8A /* GoogleOpenSource.framework in Frameworks */,
				A81D375F1B16FD140083C272 /* GooglePlus.framework in Frameworks */,
				A858EDA01AE12FCE00A788D3 /* UIKit.framework in Frameworks */,
				A86D34351ADD58780074A5FC /* SystemConfiguration.framework in Frameworks */,
				A858ED9E1AE12FC100A788D3 /* Security.framework in Frameworks */,
				A858ED9C1AE12FBC00A788D3 /* MediaPlayer.framework in Frameworks */,
				A858ED9A1AE12FB700A788D3 /* CoreText.framework in Frameworks */,
				A858ED981AE12FB000A788D3 /* CoreGraphics.framework in Frameworks */,
				A858ED961AE12FA800A788D3 /* CoreMotion.framework in Frameworks */,
				A86D34361ADD587F0074A5FC /* CoreLocation.framework in Frameworks */,
				A858ED941AE12F9900A788D3 /* Foundation.framework in Frameworks */,
				A858ED921AE12F9000A788D3 /* AssetsLibrary.framework in Frameworks */,
				A858ED901AE12F8900A788D3 /* AddressBook.framework in Frameworks */,
				A86D34371ADD58840074A5FC /* CoreBluetooth.framework in Frameworks */,
				9E4236889FCDA16632A08631 /* libPods.a in Frameworks */,
			);
			runOnlyForDeploymentPostprocessing = 0;
		};
		A86D34131ADD49E90074A5FC /* Frameworks */ = {
			isa = PBXFrameworksBuildPhase;
			buildActionMask = 2147483647;
			files = (
			);
			runOnlyForDeploymentPostprocessing = 0;
		};
/* End PBXFrameworksBuildPhase section */

/* Begin PBXGroup section */
		4B8695AB1DE2741CF97DB1EF /* Pods */ = {
			isa = PBXGroup;
			children = (
				C915DD42CF6AC237E4CBBD72 /* Pods.debug.xcconfig */,
				104EFFA87FD923A1B4E8BF6B /* Pods.release.xcconfig */,
			);
			name = Pods;
			sourceTree = "<group>";
		};
		A80A1EB01AE0F8BF00D36F5D /* API */ = {
			isa = PBXGroup;
			children = (
				A80A1EAD1AE0F8B400D36F5D /* PMBackend.h */,
				A80A1EAE1AE0F8B400D36F5D /* PMBackend.m */,
				A84944F81AE51646003BC1C3 /* PMUserLogin.h */,
				A84944F91AE51646003BC1C3 /* PMUserLogin.m */,
			);
			name = API;
			sourceTree = "<group>";
		};
		A86D33F41ADD49E80074A5FC = {
			isa = PBXGroup;
			children = (
				A86D33FF1ADD49E80074A5FC /* presentiemeter */,
				A86D34191ADD49E90074A5FC /* presentiemeterTests */,
				A86D33FE1ADD49E80074A5FC /* Products */,
				A83E462D1ADFA0170096F029 /* Podfile */,
				4B8695AB1DE2741CF97DB1EF /* Pods */,
			);
			sourceTree = "<group>";
		};
		A86D33FE1ADD49E80074A5FC /* Products */ = {
			isa = PBXGroup;
			children = (
				A86D33FD1ADD49E80074A5FC /* presentiemeter.app */,
				A86D34161ADD49E90074A5FC /* presentiemeterTests.xctest */,
			);
			name = Products;
			sourceTree = "<group>";
		};
		A86D33FF1ADD49E80074A5FC /* presentiemeter */ = {
			isa = PBXGroup;
			children = (
				A86D34041ADD49E80074A5FC /* PMAppDelegate.h */,
				A86D34051ADD49E80074A5FC /* PMAppDelegate.m */,
				A80A1EB01AE0F8BF00D36F5D /* API */,
				A889437F1AE4F25900130D64 /* Models */,
				A88943791AE4F09800130D64 /* UserInterface */,
				A86D340D1ADD49E80074A5FC /* Images.xcassets */,
				AE2AB77D61AD31F934802D55 /* Frameworks */,
				A86D34001ADD49E80074A5FC /* Supporting Files */,
			);
			path = presentiemeter;
			sourceTree = "<group>";
		};
		A86D34001ADD49E80074A5FC /* Supporting Files */ = {
			isa = PBXGroup;
			children = (
				A86D34011ADD49E80074A5FC /* Info.plist */,
				A86D34021ADD49E80074A5FC /* main.m */,
			);
			name = "Supporting Files";
			sourceTree = "<group>";
		};
		A86D34191ADD49E90074A5FC /* presentiemeterTests */ = {
			isa = PBXGroup;
			children = (
				A86D341C1ADD49E90074A5FC /* presentiemeterTests.m */,
				A86D341A1ADD49E90074A5FC /* Supporting Files */,
			);
			path = presentiemeterTests;
			sourceTree = "<group>";
		};
		A86D341A1ADD49E90074A5FC /* Supporting Files */ = {
			isa = PBXGroup;
			children = (
				A86D341B1ADD49E90074A5FC /* Info.plist */,
			);
			name = "Supporting Files";
			sourceTree = "<group>";
		};
		A88943791AE4F09800130D64 /* UserInterface */ = {
			isa = PBXGroup;
			children = (
				A889437B1AE4F11300130D64 /* TableView */,
				A858EDAE1AE1317900A788D3 /* PMLoginViewController.h */,
				A858EDAF1AE1317900A788D3 /* PMLoginViewController.m */,
				A86D34071ADD49E80074A5FC /* PMLocationViewController.h */,
				A86D34081ADD49E80074A5FC /* PMLocationViewController.m */,
				A89083061B00D4700036F11F /* PMBeaconActivityViewController.h */,
				A89083071B00D4700036F11F /* PMBeaconActivityViewController.m */,
			);
			name = UserInterface;
			sourceTree = "<group>";
		};
		A889437B1AE4F11300130D64 /* TableView */ = {
			isa = PBXGroup;
			children = (
				A889437C1AE4F17E00130D64 /* PMTableViewCell.h */,
				A889437D1AE4F17E00130D64 /* PMTableViewCell.m */,
			);
			name = TableView;
			sourceTree = "<group>";
		};
		A889437F1AE4F25900130D64 /* Models */ = {
			isa = PBXGroup;
			children = (
				A81AB2311AF3A4730039FE2D /* PMBeaconDetector.h */,
				A81AB2321AF3A4730039FE2D /* PMBeaconDetector.m */,
				A8D75B1D1AE92E1000B1879F /* PMHelper.h */,
				A8D75B1E1AE92E1000B1879F /* PMHelper.m */,
			);
			name = Models;
			sourceTree = "<group>";
		};
		AE2AB77D61AD31F934802D55 /* Frameworks */ = {
			isa = PBXGroup;
			children = (
				A81D375C1B16FD140083C272 /* GoogleOpenSource.framework */,
				A81D375D1B16FD140083C272 /* GooglePlus.framework */,
				A81D375A1B16FD070083C272 /* GooglePlus.bundle */,
				A86D342F1ADD575D0074A5FC /* CoreLocation.framework */,
				A86D34311ADD57630074A5FC /* CoreBluetooth.framework */,
				A86D34331ADD576D0074A5FC /* SystemConfiguration.framework */,
				A858ED9F1AE12FCE00A788D3 /* UIKit.framework */,
				A858ED9D1AE12FC100A788D3 /* Security.framework */,
				A858ED9B1AE12FBC00A788D3 /* MediaPlayer.framework */,
				A858ED991AE12FB700A788D3 /* CoreText.framework */,
				A858ED971AE12FB000A788D3 /* CoreGraphics.framework */,
				A858ED951AE12FA800A788D3 /* CoreMotion.framework */,
				A858ED931AE12F9900A788D3 /* Foundation.framework */,
				A858ED911AE12F9000A788D3 /* AssetsLibrary.framework */,
				A858ED8F1AE12F8900A788D3 /* AddressBook.framework */,
				AA35D4F29181A5A0F3807124 /* libPods.a */,
			);
			name = Frameworks;
			path = ..;
			sourceTree = "<group>";
		};
/* End PBXGroup section */

/* Begin PBXNativeTarget section */
		A86D33FC1ADD49E80074A5FC /* presentiemeter */ = {
			isa = PBXNativeTarget;
			buildConfigurationList = A86D34201ADD49E90074A5FC /* Build configuration list for PBXNativeTarget "presentiemeter" */;
			buildPhases = (
				792C5256724C11F885D73196 /* Check Pods Manifest.lock */,
				A86D33F91ADD49E80074A5FC /* Sources */,
				A86D33FA1ADD49E80074A5FC /* Frameworks */,
				A86D33FB1ADD49E80074A5FC /* Resources */,
				36A87DE823EBA4EDEDAFFAEC /* Copy Pods Resources */,
			);
			buildRules = (
			);
			dependencies = (
			);
			name = presentiemeter;
			productName = presentiemeter;
			productReference = A86D33FD1ADD49E80074A5FC /* presentiemeter.app */;
			productType = "com.apple.product-type.application";
		};
		A86D34151ADD49E90074A5FC /* presentiemeterTests */ = {
			isa = PBXNativeTarget;
			buildConfigurationList = A86D34231ADD49E90074A5FC /* Build configuration list for PBXNativeTarget "presentiemeterTests" */;
			buildPhases = (
				A86D34121ADD49E90074A5FC /* Sources */,
				A86D34131ADD49E90074A5FC /* Frameworks */,
				A86D34141ADD49E90074A5FC /* Resources */,
			);
			buildRules = (
			);
			dependencies = (
				A86D34181ADD49E90074A5FC /* PBXTargetDependency */,
			);
			name = presentiemeterTests;
			productName = presentiemeterTests;
			productReference = A86D34161ADD49E90074A5FC /* presentiemeterTests.xctest */;
			productType = "com.apple.product-type.bundle.unit-test";
		};
/* End PBXNativeTarget section */

/* Begin PBXProject section */
		A86D33F51ADD49E80074A5FC /* Project object */ = {
			isa = PBXProject;
			attributes = {
				CLASSPREFIX = PM;
				LastUpgradeCheck = 0630;
				ORGANIZATIONNAME = "Peter Alserda";
				TargetAttributes = {
					A86D33FC1ADD49E80074A5FC = {
						CreatedOnToolsVersion = 6.3;
						DevelopmentTeam = EBSX6CSZNX;
					};
					A86D34151ADD49E90074A5FC = {
						CreatedOnToolsVersion = 6.3;
						TestTargetID = A86D33FC1ADD49E80074A5FC;
					};
				};
			};
			buildConfigurationList = A86D33F81ADD49E80074A5FC /* Build configuration list for PBXProject "presentiemeter" */;
			compatibilityVersion = "Xcode 3.2";
			developmentRegion = English;
			hasScannedForEncodings = 0;
			knownRegions = (
				en,
				Base,
			);
			mainGroup = A86D33F41ADD49E80074A5FC;
			productRefGroup = A86D33FE1ADD49E80074A5FC /* Products */;
			projectDirPath = "";
			projectRoot = "";
			targets = (
				A86D33FC1ADD49E80074A5FC /* presentiemeter */,
				A86D34151ADD49E90074A5FC /* presentiemeterTests */,
			);
		};
/* End PBXProject section */

/* Begin PBXResourcesBuildPhase section */
		A86D33FB1ADD49E80074A5FC /* Resources */ = {
			isa = PBXResourcesBuildPhase;
			buildActionMask = 2147483647;
			files = (
				A83E462E1ADFA0170096F029 /* Podfile in Resources */,
				A81D375B1B16FD070083C272 /* GooglePlus.bundle in Resources */,
				A86D340E1ADD49E80074A5FC /* Images.xcassets in Resources */,
			);
			runOnlyForDeploymentPostprocessing = 0;
		};
		A86D34141ADD49E90074A5FC /* Resources */ = {
			isa = PBXResourcesBuildPhase;
			buildActionMask = 2147483647;
			files = (
			);
			runOnlyForDeploymentPostprocessing = 0;
		};
/* End PBXResourcesBuildPhase section */

/* Begin PBXShellScriptBuildPhase section */
		36A87DE823EBA4EDEDAFFAEC /* Copy Pods Resources */ = {
			isa = PBXShellScriptBuildPhase;
			buildActionMask = 2147483647;
			files = (
			);
			inputPaths = (
			);
			name = "Copy Pods Resources";
			outputPaths = (
			);
			runOnlyForDeploymentPostprocessing = 0;
			shellPath = /bin/sh;
			shellScript = "\"${SRCROOT}/Pods/Target Support Files/Pods/Pods-resources.sh\"\n";
			showEnvVarsInLog = 0;
		};
		792C5256724C11F885D73196 /* Check Pods Manifest.lock */ = {
			isa = PBXShellScriptBuildPhase;
			buildActionMask = 2147483647;
			files = (
			);
			inputPaths = (
			);
			name = "Check Pods Manifest.lock";
			outputPaths = (
			);
			runOnlyForDeploymentPostprocessing = 0;
			shellPath = /bin/sh;
			shellScript = "diff \"${PODS_ROOT}/../Podfile.lock\" \"${PODS_ROOT}/Manifest.lock\" > /dev/null\nif [[ $? != 0 ]] ; then\n    cat << EOM\nerror: The sandbox is not in sync with the Podfile.lock. Run 'pod install' or update your CocoaPods installation.\nEOM\n    exit 1\nfi\n";
			showEnvVarsInLog = 0;
		};
/* End PBXShellScriptBuildPhase section */

/* Begin PBXSourcesBuildPhase section */
		A86D33F91ADD49E80074A5FC /* Sources */ = {
			isa = PBXSourcesBuildPhase;
			buildActionMask = 2147483647;
			files = (
				A86D34091ADD49E80074A5FC /* PMLocationViewController.m in Sources */,
				A81AB2331AF3A4730039FE2D /* PMBeaconDetector.m in Sources */,
				A86D34061ADD49E80074A5FC /* PMAppDelegate.m in Sources */,
				A89083081B00D4700036F11F /* PMBeaconActivityViewController.m in Sources */,
				A889437E1AE4F17E00130D64 /* PMTableViewCell.m in Sources */,
				A858EDB01AE1317900A788D3 /* PMLoginViewController.m in Sources */,
				A84944FA1AE51646003BC1C3 /* PMUserLogin.m in Sources */,
				A86D34031ADD49E80074A5FC /* main.m in Sources */,
				A80A1EAF1AE0F8B400D36F5D /* PMBackend.m in Sources */,
				A8D75B1F1AE92E1000B1879F /* PMHelper.m in Sources */,
			);
			runOnlyForDeploymentPostprocessing = 0;
		};
		A86D34121ADD49E90074A5FC /* Sources */ = {
			isa = PBXSourcesBuildPhase;
			buildActionMask = 2147483647;
			files = (
				A86D341D1ADD49E90074A5FC /* presentiemeterTests.m in Sources */,
			);
			runOnlyForDeploymentPostprocessing = 0;
		};
/* End PBXSourcesBuildPhase section */

/* Begin PBXTargetDependency section */
		A86D34181ADD49E90074A5FC /* PBXTargetDependency */ = {
			isa = PBXTargetDependency;
			target = A86D33FC1ADD49E80074A5FC /* presentiemeter */;
			targetProxy = A86D34171ADD49E90074A5FC /* PBXContainerItemProxy */;
		};
/* End PBXTargetDependency section */

/* Begin XCBuildConfiguration section */
		A86D341E1ADD49E90074A5FC /* Debug */ = {
			isa = XCBuildConfiguration;
			buildSettings = {
				ALWAYS_SEARCH_USER_PATHS = NO;
				CLANG_CXX_LANGUAGE_STANDARD = "gnu++0x";
				CLANG_CXX_LIBRARY = "libc++";
				CLANG_ENABLE_MODULES = YES;
				CLANG_ENABLE_OBJC_ARC = YES;
				CLANG_WARN_BOOL_CONVERSION = YES;
				CLANG_WARN_CONSTANT_CONVERSION = YES;
				CLANG_WARN_DIRECT_OBJC_ISA_USAGE = YES_ERROR;
				CLANG_WARN_EMPTY_BODY = YES;
				CLANG_WARN_ENUM_CONVERSION = YES;
				CLANG_WARN_INT_CONVERSION = YES;
				CLANG_WARN_OBJC_ROOT_CLASS = YES_ERROR;
				CLANG_WARN_UNREACHABLE_CODE = YES;
				CLANG_WARN__DUPLICATE_METHOD_MATCH = YES;
				"CODE_SIGN_IDENTITY[sdk=iphoneos*]" = "iPhone Developer";
				COPY_PHASE_STRIP = NO;
				DEBUG_INFORMATION_FORMAT = "dwarf-with-dsym";
				ENABLE_STRICT_OBJC_MSGSEND = YES;
				GCC_C_LANGUAGE_STANDARD = gnu99;
				GCC_DYNAMIC_NO_PIC = NO;
				GCC_NO_COMMON_BLOCKS = YES;
				GCC_OPTIMIZATION_LEVEL = 0;
				GCC_PREPROCESSOR_DEFINITIONS = (
					"DEBUG=1",
					"$(inherited)",
				);
				GCC_SYMBOLS_PRIVATE_EXTERN = NO;
				GCC_WARN_64_TO_32_BIT_CONVERSION = YES;
				GCC_WARN_ABOUT_RETURN_TYPE = YES_ERROR;
				GCC_WARN_UNDECLARED_SELECTOR = YES;
				GCC_WARN_UNINITIALIZED_AUTOS = YES_AGGRESSIVE;
				GCC_WARN_UNUSED_FUNCTION = YES;
				GCC_WARN_UNUSED_VARIABLE = YES;
				IPHONEOS_DEPLOYMENT_TARGET = 8.3;
				MTL_ENABLE_DEBUG_INFO = YES;
				ONLY_ACTIVE_ARCH = YES;
				SDKROOT = iphoneos;
			};
			name = Debug;
		};
		A86D341F1ADD49E90074A5FC /* Release */ = {
			isa = XCBuildConfiguration;
			buildSettings = {
				ALWAYS_SEARCH_USER_PATHS = NO;
				CLANG_CXX_LANGUAGE_STANDARD = "gnu++0x";
				CLANG_CXX_LIBRARY = "libc++";
				CLANG_ENABLE_MODULES = YES;
				CLANG_ENABLE_OBJC_ARC = YES;
				CLANG_WARN_BOOL_CONVERSION = YES;
				CLANG_WARN_CONSTANT_CONVERSION = YES;
				CLANG_WARN_DIRECT_OBJC_ISA_USAGE = YES_ERROR;
				CLANG_WARN_EMPTY_BODY = YES;
				CLANG_WARN_ENUM_CONVERSION = YES;
				CLANG_WARN_INT_CONVERSION = YES;
				CLANG_WARN_OBJC_ROOT_CLASS = YES_ERROR;
				CLANG_WARN_UNREACHABLE_CODE = YES;
				CLANG_WARN__DUPLICATE_METHOD_MATCH = YES;
				"CODE_SIGN_IDENTITY[sdk=iphoneos*]" = "iPhone Developer";
				COPY_PHASE_STRIP = NO;
				DEBUG_INFORMATION_FORMAT = "dwarf-with-dsym";
				ENABLE_NS_ASSERTIONS = NO;
				ENABLE_STRICT_OBJC_MSGSEND = YES;
				GCC_C_LANGUAGE_STANDARD = gnu99;
				GCC_NO_COMMON_BLOCKS = YES;
				GCC_WARN_64_TO_32_BIT_CONVERSION = YES;
				GCC_WARN_ABOUT_RETURN_TYPE = YES_ERROR;
				GCC_WARN_UNDECLARED_SELECTOR = YES;
				GCC_WARN_UNINITIALIZED_AUTOS = YES_AGGRESSIVE;
				GCC_WARN_UNUSED_FUNCTION = YES;
				GCC_WARN_UNUSED_VARIABLE = YES;
				IPHONEOS_DEPLOYMENT_TARGET = 8.3;
				MTL_ENABLE_DEBUG_INFO = NO;
				SDKROOT = iphoneos;
				VALIDATE_PRODUCT = YES;
			};
			name = Release;
		};
		A86D34211ADD49E90074A5FC /* Debug */ = {
			isa = XCBuildConfiguration;
			baseConfigurationReference = C915DD42CF6AC237E4CBBD72 /* Pods.debug.xcconfig */;
			buildSettings = {
				ASSETCATALOG_COMPILER_APPICON_NAME = AppIcon;
				ASSETCATALOG_COMPILER_LAUNCHIMAGE_NAME = LaunchImage;
				CODE_SIGN_IDENTITY = "iPhone Developer";
				"CODE_SIGN_IDENTITY[sdk=iphoneos*]" = "iPhone Developer";
				FRAMEWORK_SEARCH_PATHS = (
					"$(PROJECT_DIR)/presentiemeter/Supporting",
					Files/Frameworks,
					"$(PROJECT_DIR)/presentiemeter/Supporting",
					Files/Frameworks,
					"$(PROJECT_DIR)/presentiemeter/Supporting",
					Files/Frameworks,
				);
				INFOPLIST_FILE = presentiemeter/Info.plist;
				IPHONEOS_DEPLOYMENT_TARGET = 8.1;
				LD_RUNPATH_SEARCH_PATHS = "$(inherited) @executable_path/Frameworks";
				PRODUCT_NAME = "$(TARGET_NAME)";
				PROVISIONING_PROFILE = "";
			};
			name = Debug;
		};
		A86D34221ADD49E90074A5FC /* Release */ = {
			isa = XCBuildConfiguration;
			baseConfigurationReference = 104EFFA87FD923A1B4E8BF6B /* Pods.release.xcconfig */;
			buildSettings = {
				ASSETCATALOG_COMPILER_APPICON_NAME = AppIcon;
				ASSETCATALOG_COMPILER_LAUNCHIMAGE_NAME = LaunchImage;
				CODE_SIGN_IDENTITY = "iPhone Developer";
				"CODE_SIGN_IDENTITY[sdk=iphoneos*]" = "iPhone Developer";
				FRAMEWORK_SEARCH_PATHS = (
					"$(PROJECT_DIR)/presentiemeter/Supporting",
					Files/Frameworks,
					"$(PROJECT_DIR)/presentiemeter/Supporting",
					Files/Frameworks,
					"$(PROJECT_DIR)/presentiemeter/Supporting",
					Files/Frameworks,
				);
				INFOPLIST_FILE = presentiemeter/Info.plist;
				IPHONEOS_DEPLOYMENT_TARGET = 8.1;
				LD_RUNPATH_SEARCH_PATHS = "$(inherited) @executable_path/Frameworks";
				PRODUCT_NAME = "$(TARGET_NAME)";
				PROVISIONING_PROFILE = "";
			};
			name = Release;
		};
		A86D34241ADD49E90074A5FC /* Debug */ = {
			isa = XCBuildConfiguration;
			buildSettings = {
				BUNDLE_LOADER = "$(TEST_HOST)";
				FRAMEWORK_SEARCH_PATHS = (
					"$(SDKROOT)/Developer/Library/Frameworks",
					"$(inherited)",
				);
				GCC_PREPROCESSOR_DEFINITIONS = (
					"DEBUG=1",
					"$(inherited)",
				);
				INFOPLIST_FILE = presentiemeterTests/Info.plist;
				LD_RUNPATH_SEARCH_PATHS = "$(inherited) @executable_path/Frameworks @loader_path/Frameworks";
				PRODUCT_NAME = "$(TARGET_NAME)";
				TEST_HOST = "$(BUILT_PRODUCTS_DIR)/presentiemeter.app/presentiemeter";
			};
			name = Debug;
		};
		A86D34251ADD49E90074A5FC /* Release */ = {
			isa = XCBuildConfiguration;
			buildSettings = {
				BUNDLE_LOADER = "$(TEST_HOST)";
				FRAMEWORK_SEARCH_PATHS = (
					"$(SDKROOT)/Developer/Library/Frameworks",
					"$(inherited)",
				);
				INFOPLIST_FILE = presentiemeterTests/Info.plist;
				LD_RUNPATH_SEARCH_PATHS = "$(inherited) @executable_path/Frameworks @loader_path/Frameworks";
				PRODUCT_NAME = "$(TARGET_NAME)";
				TEST_HOST = "$(BUILT_PRODUCTS_DIR)/presentiemeter.app/presentiemeter";
			};
			name = Release;
		};
/* End XCBuildConfiguration section */

/* Begin XCConfigurationList section */
		A86D33F81ADD49E80074A5FC /* Build configuration list for PBXProject "presentiemeter" */ = {
			isa = XCConfigurationList;
			buildConfigurations = (
				A86D341E1ADD49E90074A5FC /* Debug */,
				A86D341F1ADD49E90074A5FC /* Release */,
			);
			defaultConfigurationIsVisible = 0;
			defaultConfigurationName = Release;
		};
		A86D34201ADD49E90074A5FC /* Build configuration list for PBXNativeTarget "presentiemeter" */ = {
			isa = XCConfigurationList;
			buildConfigurations = (
				A86D34211ADD49E90074A5FC /* Debug */,
				A86D34221ADD49E90074A5FC /* Release */,
			);
			defaultConfigurationIsVisible = 0;
			defaultConfigurationName = Release;
		};
		A86D34231ADD49E90074A5FC /* Build configuration list for PBXNativeTarget "presentiemeterTests" */ = {
			isa = XCConfigurationList;
			buildConfigurations = (
				A86D34241ADD49E90074A5FC /* Debug */,
				A86D34251ADD49E90074A5FC /* Release */,
			);
			defaultConfigurationIsVisible = 0;
			defaultConfigurationName = Release;
		};
/* End XCConfigurationList section */
	};
	rootObject = A86D33F51ADD49E80074A5FC /* Project object */;
}
